
Microsoft Visual Studio Solution File, Format Version 11.00
# Visual Studio 2010
Project("{FAE04EC0-301F-11D3-BF4B-00C04F79EFBC}") = "SqlUserAdmin", "SqlUserAdmin.csproj", "{5F86FD16-E22D-43F5-B858-86037CAA19E7}"
EndProject
Global
	GlobalSection(SolutionConfigurationPlatforms) = preSolution
		Debug|x86 = Debug|x86
		Release|x86 = Release|x86
	EndGlobalSection
	GlobalSection(ProjectConfigurationPlatforms) = postSolution
		{5F86FD16-E22D-43F5-B858-86037CAA19E7}.Debug|x86.ActiveCfg = Debug|x86
		{5F86FD16-E22D-43F5-B858-86037CAA19E7}.Debug|x86.Build.0 = Debug|x86
		{5F86FD16-E22D-43F5-B858-86037CAA19E7}.Release|x86.ActiveCfg = Release|x86
		{5F86FD16-E22D-43F5-B858-86037CAA19E7}.Release|x86.Build.0 = Release|x86
	EndGlobalSection
	GlobalSection(SolutionProperties) = preSolution
		HideSolutionNode = FALSE
	EndGlobalSection
EndGlobal
