
Microsoft Visual Studio Solution File, Format Version 12.00
# Visual Studio 2013
VisualStudioVersion = 12.0.21005.1
MinimumVisualStudioVersion = 10.0.40219.1
Project("{FAE04EC0-301F-11D3-BF4B-00C04F79EFBC}") = "AP_Extract", "AP_Extract.csproj", "{57D03A26-7833-4969-BFCF-91B5F5C3FB17}"
EndProject
Project("{FAE04EC0-301F-11D3-BF4B-00C04F79EFBC}") = "Synergis.Adept.Api", "..\..\..\..\SDKSRC10\Synergis.Adept.Api\Synergis.Adept.Api.csproj", "{BD0C13CD-D896-4A64-9CDF-CFD50C308EBE}"
EndProject
Global
	GlobalSection(TeamFoundationVersionControl) = preSolution
		SccNumberOfProjects = 2
		SccEnterpriseProvider = {4CA58AB2-18FA-4F8D-95D4-32DDF27D184C}
		SccTeamFoundationServer = http://tfs1.synergis.com:8080/tfs/adept
		SccProjectUniqueName0 = AP_Extract.csproj
		SccProjectName0 = .
		SccAuxPath0 = http://tfs1.synergis.com:8080/tfs/adept
		SccLocalPath0 = .
		SccProvider0 = {4CA58AB2-18FA-4F8D-95D4-32DDF27D184C}
		SccProjectUniqueName1 = ..\\..\\..\\..\\SDKSRC10\\Synergis.Adept.Api\\Synergis.Adept.Api.csproj
		SccProjectName1 = ../../../../SDKSRC10/Synergis.Adept.Api
		SccAuxPath1 = http://devsrv3:8080/tfs/adept
		SccLocalPath1 = ..\\..\\..\\..\\SDKSRC10\\Synergis.Adept.Api
		SccProvider1 = {4CA58AB2-18FA-4F8D-95D4-32DDF27D184C}
	EndGlobalSection
	GlobalSection(SolutionConfigurationPlatforms) = preSolution
		Debug|Any CPU = Debug|Any CPU
		Release|Any CPU = Release|Any CPU
	EndGlobalSection
	GlobalSection(ProjectConfigurationPlatforms) = postSolution
		{57D03A26-7833-4969-BFCF-91B5F5C3FB17}.Debug|Any CPU.ActiveCfg = Debug|Any CPU
		{57D03A26-7833-4969-BFCF-91B5F5C3FB17}.Debug|Any CPU.Build.0 = Debug|Any CPU
		{57D03A26-7833-4969-BFCF-91B5F5C3FB17}.Release|Any CPU.ActiveCfg = Release|Any CPU
		{57D03A26-7833-4969-BFCF-91B5F5C3FB17}.Release|Any CPU.Build.0 = Release|Any CPU
		{BD0C13CD-D896-4A64-9CDF-CFD50C308EBE}.Debug|Any CPU.ActiveCfg = Debug|Any CPU
		{BD0C13CD-D896-4A64-9CDF-CFD50C308EBE}.Debug|Any CPU.Build.0 = Debug|Any CPU
		{BD0C13CD-D896-4A64-9CDF-CFD50C308EBE}.Release|Any CPU.ActiveCfg = Release|Any CPU
		{BD0C13CD-D896-4A64-9CDF-CFD50C308EBE}.Release|Any CPU.Build.0 = Release|Any CPU
	EndGlobalSection
	GlobalSection(SolutionProperties) = preSolution
		HideSolutionNode = FALSE
	EndGlobalSection
EndGlobal
